
Microsoft Visual Studio Solution File, Format Version 12.00
# Visual Studio Version 17
VisualStudioVersion = 17.0.31912.275
MinimumVisualStudioVersion = 10.0.40219.1
Project("{FAE04EC0-301F-11D3-BF4B-00C04F79EFBC}") = "FindMaximumNumbers", "FindMaximumNumbers\FindMaximumNumbers.csproj", "{E8E32AE8-DF0A-4091-999C-916D198050CC}"
EndProject
Global
	GlobalSection(SolutionConfigurationPlatforms) = preSolution
		Debug|Any CPU = Debug|Any CPU
		Release|Any CPU = Release|Any CPU
	EndGlobalSection
	GlobalSection(ProjectConfigurationPlatforms) = postSolution
		{E8E32AE8-DF0A-4091-999C-916D198050CC}.Debug|Any CPU.ActiveCfg = Debug|Any CPU
		{E8E32AE8-DF0A-4091-999C-916D198050CC}.Debug|Any CPU.Build.0 = Debug|Any CPU
		{E8E32AE8-DF0A-4091-999C-916D198050CC}.Release|Any CPU.ActiveCfg = Release|Any CPU
		{E8E32AE8-DF0A-4091-999C-916D198050CC}.Release|Any CPU.Build.0 = Release|Any CPU
	EndGlobalSection
	GlobalSection(SolutionProperties) = preSolution
		HideSolutionNode = FALSE
	EndGlobalSection
	GlobalSection(ExtensibilityGlobals) = postSolution
		SolutionGuid = {CAF2F508-B324-496B-9809-D5FBE199D8DB}
	EndGlobalSection
EndGlobal
